
Microsoft Visual Studio Solution File, Format Version 12.00
# Visual Studio Version 16
VisualStudioVersion = 16.0.29519.87
MinimumVisualStudioVersion = 10.0.40219.1
Project("{888888A0-9F3D-457C-B088-3A5042F75D52}") = "SYNACK_FACE_SERVER", "SYNACK_FACE_SERVER\SYNACK_FACE_SERVER.pyproj", "{4BC99F81-C1B1-4851-BED3-4CB20E089743}"
EndProject
Global
	GlobalSection(SolutionConfigurationPlatforms) = preSolution
		Debug|Any CPU = Debug|Any CPU
		Release|Any CPU = Release|Any CPU
	EndGlobalSection
	GlobalSection(ProjectConfigurationPlatforms) = postSolution
		{4BC99F81-C1B1-4851-BED3-4CB20E089743}.Debug|Any CPU.ActiveCfg = Debug|Any CPU
		{4BC99F81-C1B1-4851-BED3-4CB20E089743}.Debug|Any CPU.Build.0 = Debug|Any CPU
		{4BC99F81-C1B1-4851-BED3-4CB20E089743}.Release|Any CPU.ActiveCfg = Release|Any CPU
		{4BC99F81-C1B1-4851-BED3-4CB20E089743}.Release|Any CPU.Build.0 = Release|Any CPU
	EndGlobalSection
	GlobalSection(SolutionProperties) = preSolution
		HideSolutionNode = FALSE
	EndGlobalSection
	GlobalSection(ExtensibilityGlobals) = postSolution
		SolutionGuid = {E7CFDB9B-DDBC-4E6B-8C6D-310DD0C83C24}
	EndGlobalSection
EndGlobal
